
Microsoft Visual Studio Solution File, Format Version 12.00
# Visual Studio Version 16
VisualStudioVersion = 16.0.29609.76
MinimumVisualStudioVersion = 10.0.40219.1
Project("{9A19103F-16F7-4668-BE54-9A1E7A4F7556}") = "Task2", "Task2\Task2.csproj", "{D6BFF277-9919-4844-8011-F93BFE2A5CF7}"
EndProject
Project("{9A19103F-16F7-4668-BE54-9A1E7A4F7556}") = "task3", "task3\task3.csproj", "{5C70E10C-FC1D-4C98-8F94-39B5D014D5B5}"
EndProject
Project("{9A19103F-16F7-4668-BE54-9A1E7A4F7556}") = "Task4", "Task4\Task4.csproj", "{FD8E636C-D090-45FC-8A48-C44AA687C26D}"
EndProject
Project("{9A19103F-16F7-4668-BE54-9A1E7A4F7556}") = "Task5", "Task5\Task5.csproj", "{6869583C-5337-449F-8B06-9BB7B77954DF}"
EndProject
Project("{9A19103F-16F7-4668-BE54-9A1E7A4F7556}") = "Task6", "Task6\Task6.csproj", "{2C8C38D2-847E-4B3F-8435-E9A4024D23F0}"
EndProject
Project("{9A19103F-16F7-4668-BE54-9A1E7A4F7556}") = "Task7", "Task7\Task7.csproj", "{F7F278CC-1D0A-400C-A6A9-7D53D65AC026}"
EndProject
Global
	GlobalSection(SolutionConfigurationPlatforms) = preSolution
		Debug|Any CPU = Debug|Any CPU
		Release|Any CPU = Release|Any CPU
	EndGlobalSection
	GlobalSection(ProjectConfigurationPlatforms) = postSolution
		{D6BFF277-9919-4844-8011-F93BFE2A5CF7}.Debug|Any CPU.ActiveCfg = Debug|Any CPU
		{D6BFF277-9919-4844-8011-F93BFE2A5CF7}.Debug|Any CPU.Build.0 = Debug|Any CPU
		{D6BFF277-9919-4844-8011-F93BFE2A5CF7}.Release|Any CPU.ActiveCfg = Release|Any CPU
		{D6BFF277-9919-4844-8011-F93BFE2A5CF7}.Release|Any CPU.Build.0 = Release|Any CPU
		{5C70E10C-FC1D-4C98-8F94-39B5D014D5B5}.Debug|Any CPU.ActiveCfg = Debug|Any CPU
		{5C70E10C-FC1D-4C98-8F94-39B5D014D5B5}.Debug|Any CPU.Build.0 = Debug|Any CPU
		{5C70E10C-FC1D-4C98-8F94-39B5D014D5B5}.Release|Any CPU.ActiveCfg = Release|Any CPU
		{5C70E10C-FC1D-4C98-8F94-39B5D014D5B5}.Release|Any CPU.Build.0 = Release|Any CPU
		{FD8E636C-D090-45FC-8A48-C44AA687C26D}.Debug|Any CPU.ActiveCfg = Debug|Any CPU
		{FD8E636C-D090-45FC-8A48-C44AA687C26D}.Debug|Any CPU.Build.0 = Debug|Any CPU
		{FD8E636C-D090-45FC-8A48-C44AA687C26D}.Release|Any CPU.ActiveCfg = Release|Any CPU
		{FD8E636C-D090-45FC-8A48-C44AA687C26D}.Release|Any CPU.Build.0 = Release|Any CPU
		{6869583C-5337-449F-8B06-9BB7B77954DF}.Debug|Any CPU.ActiveCfg = Debug|Any CPU
		{6869583C-5337-449F-8B06-9BB7B77954DF}.Debug|Any CPU.Build.0 = Debug|Any CPU
		{6869583C-5337-449F-8B06-9BB7B77954DF}.Release|Any CPU.ActiveCfg = Release|Any CPU
		{6869583C-5337-449F-8B06-9BB7B77954DF}.Release|Any CPU.Build.0 = Release|Any CPU
		{2C8C38D2-847E-4B3F-8435-E9A4024D23F0}.Debug|Any CPU.ActiveCfg = Debug|Any CPU
		{2C8C38D2-847E-4B3F-8435-E9A4024D23F0}.Debug|Any CPU.Build.0 = Debug|Any CPU
		{2C8C38D2-847E-4B3F-8435-E9A4024D23F0}.Release|Any CPU.ActiveCfg = Release|Any CPU
		{2C8C38D2-847E-4B3F-8435-E9A4024D23F0}.Release|Any CPU.Build.0 = Release|Any CPU
		{F7F278CC-1D0A-400C-A6A9-7D53D65AC026}.Debug|Any CPU.ActiveCfg = Debug|Any CPU
		{F7F278CC-1D0A-400C-A6A9-7D53D65AC026}.Debug|Any CPU.Build.0 = Debug|Any CPU
		{F7F278CC-1D0A-400C-A6A9-7D53D65AC026}.Release|Any CPU.ActiveCfg = Release|Any CPU
		{F7F278CC-1D0A-400C-A6A9-7D53D65AC026}.Release|Any CPU.Build.0 = Release|Any CPU
	EndGlobalSection
	GlobalSection(SolutionProperties) = preSolution
		HideSolutionNode = FALSE
	EndGlobalSection
	GlobalSection(ExtensibilityGlobals) = postSolution
		SolutionGuid = {E2AA7029-9E72-48DF-9635-89CD313B77AE}
	EndGlobalSection
EndGlobal
